
Microsoft Visual Studio Solution File, Format Version 12.00
# Visual Studio 15
VisualStudioVersion = 15.0.27130.2010
MinimumVisualStudioVersion = 10.0.40219.1
Project("{FAE04EC0-301F-11D3-BF4B-00C04F79EFBC}") = "restfluencing.Core", "restfluencing.Core\restfluencing.Core.csproj", "{BB44CC46-AAB8-4F0E-94FB-1A6B27EA3AAB}"
EndProject
Project("{FAE04EC0-301F-11D3-BF4B-00C04F79EFBC}") = "restfluencing.JsonSchema", "restfluencing.JsonSchema\restfluencing.JsonSchema.csproj", "{6FEE443F-DAF2-4726-885D-318A8ECDF7C1}"
EndProject
Project("{FAE04EC0-301F-11D3-BF4B-00C04F79EFBC}") = "restfluencing.Tests", "restfluencing.Tests\restfluencing.Tests.csproj", "{78FD63D0-269B-4800-81FA-5E5AFFBFF8AD}"
EndProject
Global
	GlobalSection(SolutionConfigurationPlatforms) = preSolution
		Debug|Any CPU = Debug|Any CPU
		Release|Any CPU = Release|Any CPU
	EndGlobalSection
	GlobalSection(ProjectConfigurationPlatforms) = postSolution
		{BB44CC46-AAB8-4F0E-94FB-1A6B27EA3AAB}.Debug|Any CPU.ActiveCfg = Debug|Any CPU
		{BB44CC46-AAB8-4F0E-94FB-1A6B27EA3AAB}.Debug|Any CPU.Build.0 = Debug|Any CPU
		{BB44CC46-AAB8-4F0E-94FB-1A6B27EA3AAB}.Release|Any CPU.ActiveCfg = Release|Any CPU
		{BB44CC46-AAB8-4F0E-94FB-1A6B27EA3AAB}.Release|Any CPU.Build.0 = Release|Any CPU
		{6FEE443F-DAF2-4726-885D-318A8ECDF7C1}.Debug|Any CPU.ActiveCfg = Debug|Any CPU
		{6FEE443F-DAF2-4726-885D-318A8ECDF7C1}.Debug|Any CPU.Build.0 = Debug|Any CPU
		{6FEE443F-DAF2-4726-885D-318A8ECDF7C1}.Release|Any CPU.ActiveCfg = Release|Any CPU
		{6FEE443F-DAF2-4726-885D-318A8ECDF7C1}.Release|Any CPU.Build.0 = Release|Any CPU
		{78FD63D0-269B-4800-81FA-5E5AFFBFF8AD}.Debug|Any CPU.ActiveCfg = Debug|Any CPU
		{78FD63D0-269B-4800-81FA-5E5AFFBFF8AD}.Debug|Any CPU.Build.0 = Debug|Any CPU
		{78FD63D0-269B-4800-81FA-5E5AFFBFF8AD}.Release|Any CPU.ActiveCfg = Release|Any CPU
		{78FD63D0-269B-4800-81FA-5E5AFFBFF8AD}.Release|Any CPU.Build.0 = Release|Any CPU
	EndGlobalSection
	GlobalSection(SolutionProperties) = preSolution
		HideSolutionNode = FALSE
	EndGlobalSection
	GlobalSection(ExtensibilityGlobals) = postSolution
		SolutionGuid = {67A3D487-09A0-42C8-B47C-2B119B97900C}
	EndGlobalSection
EndGlobal
